
Microsoft Visual Studio Solution File, Format Version 12.00
# Visual Studio 14
VisualStudioVersion = 14.0.24720.0
MinimumVisualStudioVersion = 10.0.40219.1
Project("{FAE04EC0-301F-11D3-BF4B-00C04F79EFBC}") = "MerchandiseService", "MerchandiseService\MerchandiseService.csproj", "{3D21C4AC-6379-416A-BA15-7AF5B537498F}"
EndProject
Project("{FAE04EC0-301F-11D3-BF4B-00C04F79EFBC}") = "MerchandiseClient", "MerchandiseClient\MerchandiseClient.csproj", "{7108F666-1ADD-49D4-85D9-D2C377CDA2AB}"
	ProjectSection(ProjectDependencies) = postProject
		{3D21C4AC-6379-416A-BA15-7AF5B537498F} = {3D21C4AC-6379-416A-BA15-7AF5B537498F}
	EndProjectSection
EndProject
Global
	GlobalSection(SolutionConfigurationPlatforms) = preSolution
		Debug|Any CPU = Debug|Any CPU
		Release|Any CPU = Release|Any CPU
	EndGlobalSection
	GlobalSection(ProjectConfigurationPlatforms) = postSolution
		{3D21C4AC-6379-416A-BA15-7AF5B537498F}.Debug|Any CPU.ActiveCfg = Debug|Any CPU
		{3D21C4AC-6379-416A-BA15-7AF5B537498F}.Debug|Any CPU.Build.0 = Debug|Any CPU
		{3D21C4AC-6379-416A-BA15-7AF5B537498F}.Release|Any CPU.ActiveCfg = Release|Any CPU
		{3D21C4AC-6379-416A-BA15-7AF5B537498F}.Release|Any CPU.Build.0 = Release|Any CPU
		{7108F666-1ADD-49D4-85D9-D2C377CDA2AB}.Debug|Any CPU.ActiveCfg = Debug|Any CPU
		{7108F666-1ADD-49D4-85D9-D2C377CDA2AB}.Debug|Any CPU.Build.0 = Debug|Any CPU
		{7108F666-1ADD-49D4-85D9-D2C377CDA2AB}.Release|Any CPU.ActiveCfg = Release|Any CPU
		{7108F666-1ADD-49D4-85D9-D2C377CDA2AB}.Release|Any CPU.Build.0 = Release|Any CPU
	EndGlobalSection
	GlobalSection(SolutionProperties) = preSolution
		HideSolutionNode = FALSE
	EndGlobalSection
EndGlobal
